
Microsoft Visual Studio Solution File, Format Version 12.00
# Visual Studio Version 17
VisualStudioVersion = 17.3.32929.385
MinimumVisualStudioVersion = 10.0.40219.1
Project("{00D1A9C2-B5F0-4AF3-8072-F6C62B433612}") = "DBTest", "DBTest\DBTest.sqlproj", "{ECA3DC2D-CC35-4453-9AD6-F8365A0710BA}"
EndProject
Global
	GlobalSection(SolutionConfigurationPlatforms) = preSolution
		Debug|Any CPU = Debug|Any CPU
		Release|Any CPU = Release|Any CPU
	EndGlobalSection
	GlobalSection(ProjectConfigurationPlatforms) = postSolution
		{ECA3DC2D-CC35-4453-9AD6-F8365A0710BA}.Debug|Any CPU.ActiveCfg = Debug|Any CPU
		{ECA3DC2D-CC35-4453-9AD6-F8365A0710BA}.Debug|Any CPU.Build.0 = Debug|Any CPU
		{ECA3DC2D-CC35-4453-9AD6-F8365A0710BA}.Debug|Any CPU.Deploy.0 = Debug|Any CPU
		{ECA3DC2D-CC35-4453-9AD6-F8365A0710BA}.Release|Any CPU.ActiveCfg = Release|Any CPU
		{ECA3DC2D-CC35-4453-9AD6-F8365A0710BA}.Release|Any CPU.Build.0 = Release|Any CPU
		{ECA3DC2D-CC35-4453-9AD6-F8365A0710BA}.Release|Any CPU.Deploy.0 = Release|Any CPU
	EndGlobalSection
	GlobalSection(SolutionProperties) = preSolution
		HideSolutionNode = FALSE
	EndGlobalSection
	GlobalSection(ExtensibilityGlobals) = postSolution
		SolutionGuid = {4228EB79-4C91-4A7B-AA17-E6AD650E14C5}
	EndGlobalSection
EndGlobal
